
Microsoft Visual Studio Solution File, Format Version 12.00
# Visual Studio Version 17
VisualStudioVersion = 17.0.31903.59
MinimumVisualStudioVersion = 10.0.40219.1
Project("{FAE04EC0-301F-11D3-BF4B-00C04F79EFBC}") = "9_Task_WPF", "9_Task_WPF\9_Task_WPF.csproj", "{202317E7-E9F0-4FE8-AD9C-1F63A6F37B25}"
EndProject
Global
	GlobalSection(SolutionConfigurationPlatforms) = preSolution
		Debug|Any CPU = Debug|Any CPU
		Release|Any CPU = Release|Any CPU
	EndGlobalSection
	GlobalSection(ProjectConfigurationPlatforms) = postSolution
		{202317E7-E9F0-4FE8-AD9C-1F63A6F37B25}.Debug|Any CPU.ActiveCfg = Debug|Any CPU
		{202317E7-E9F0-4FE8-AD9C-1F63A6F37B25}.Debug|Any CPU.Build.0 = Debug|Any CPU
		{202317E7-E9F0-4FE8-AD9C-1F63A6F37B25}.Release|Any CPU.ActiveCfg = Release|Any CPU
		{202317E7-E9F0-4FE8-AD9C-1F63A6F37B25}.Release|Any CPU.Build.0 = Release|Any CPU
	EndGlobalSection
	GlobalSection(SolutionProperties) = preSolution
		HideSolutionNode = FALSE
	EndGlobalSection
	GlobalSection(ExtensibilityGlobals) = postSolution
		SolutionGuid = {348DD288-4C1A-440F-B367-9F828E8BA4C4}
	EndGlobalSection
EndGlobal
